
Microsoft Visual Studio Solution File, Format Version 12.00
# Visual Studio 15
VisualStudioVersion = 15.0.28307.136
MinimumVisualStudioVersion = 10.0.40219.1
Project("{8BC9CEB8-8B4A-11D0-8D11-00A0C91BC942}") = "Lab3", "Lab3\Lab3.vcxproj", "{4EE00065-776E-417A-B5B5-5B6FEECF5EF3}"
EndProject
Global
	GlobalSection(SolutionConfigurationPlatforms) = preSolution
		Debug|x64 = Debug|x64
		Debug|x86 = Debug|x86
		Release|x64 = Release|x64
		Release|x86 = Release|x86
	EndGlobalSection
	GlobalSection(ProjectConfigurationPlatforms) = postSolution
		{4EE00065-776E-417A-B5B5-5B6FEECF5EF3}.Debug|x64.ActiveCfg = Debug|x64
		{4EE00065-776E-417A-B5B5-5B6FEECF5EF3}.Debug|x64.Build.0 = Debug|x64
		{4EE00065-776E-417A-B5B5-5B6FEECF5EF3}.Debug|x86.ActiveCfg = Debug|Win32
		{4EE00065-776E-417A-B5B5-5B6FEECF5EF3}.Debug|x86.Build.0 = Debug|Win32
		{4EE00065-776E-417A-B5B5-5B6FEECF5EF3}.Release|x64.ActiveCfg = Release|x64
		{4EE00065-776E-417A-B5B5-5B6FEECF5EF3}.Release|x64.Build.0 = Release|x64
		{4EE00065-776E-417A-B5B5-5B6FEECF5EF3}.Release|x86.ActiveCfg = Release|Win32
		{4EE00065-776E-417A-B5B5-5B6FEECF5EF3}.Release|x86.Build.0 = Release|Win32
	EndGlobalSection
	GlobalSection(SolutionProperties) = preSolution
		HideSolutionNode = FALSE
	EndGlobalSection
	GlobalSection(ExtensibilityGlobals) = postSolution
		SolutionGuid = {21F6D6BD-D458-418F-9724-9A8E810AFAC7}
	EndGlobalSection
EndGlobal
